
Microsoft Visual Studio Solution File, Format Version 12.00
# Visual Studio 2012
Project("{FAE04EC0-301F-11D3-BF4B-00C04F79EFBC}") = "Ticks_analysis", "Ticks_analysis\Ticks_analysis.csproj", "{8AB60F19-4CF3-400A-97A5-E513047F9B64}"
EndProject
Global
	GlobalSection(SolutionConfigurationPlatforms) = preSolution
		Debug|Any CPU = Debug|Any CPU
		Release|Any CPU = Release|Any CPU
	EndGlobalSection
	GlobalSection(ProjectConfigurationPlatforms) = postSolution
		{8AB60F19-4CF3-400A-97A5-E513047F9B64}.Debug|Any CPU.ActiveCfg = Debug|Any CPU
		{8AB60F19-4CF3-400A-97A5-E513047F9B64}.Debug|Any CPU.Build.0 = Debug|Any CPU
		{8AB60F19-4CF3-400A-97A5-E513047F9B64}.Release|Any CPU.ActiveCfg = Release|Any CPU
		{8AB60F19-4CF3-400A-97A5-E513047F9B64}.Release|Any CPU.Build.0 = Release|Any CPU
	EndGlobalSection
	GlobalSection(SolutionProperties) = preSolution
		HideSolutionNode = FALSE
	EndGlobalSection
	GlobalSection(ExtensibilityGlobals) = postSolution
		VisualSVNWorkingCopyRoot = ..
	EndGlobalSection
EndGlobal
